// !$*UTF8*$!
{
	archiveVersion = 1;
	classes = {
	};
	objectVersion = 46;
	objects = {

/* Begin PBXBuildFile section */
		3C4018211CFF28F8001204CB /* AppDelegate.swift in Sources */ = {isa = PBXBuildFile; fileRef = 3C4018201CFF28F8001204CB /* AppDelegate.swift */; };
		3C4018231CFF28F8001204CB /* ViewController.swift in Sources */ = {isa = PBXBuildFile; fileRef = 3C4018221CFF28F8001204CB /* ViewController.swift */; };
		3C4018261CFF28F8001204CB /* Main.storyboard in Resources */ = {isa = PBXBuildFile; fileRef = 3C4018241CFF28F8001204CB /* Main.storyboard */; };
		3C4018281CFF28F8001204CB /* Assets.xcassets in Resources */ = {isa = PBXBuildFile; fileRef = 3C4018271CFF28F8001204CB /* Assets.xcassets */; };
		3C40182B1CFF28F8001204CB /* LaunchScreen.storyboard in Resources */ = {isa = PBXBuildFile; fileRef = 3C4018291CFF28F8001204CB /* LaunchScreen.storyboard */; };
		3C4018361CFF28F8001204CB /* CalculatorTests.swift in Sources */ = {isa = PBXBuildFile; fileRef = 3C4018351CFF28F8001204CB /* CalculatorTests.swift */; };
		3C4018411CFF28F8001204CB /* CalculatorUITests.swift in Sources */ = {isa = PBXBuildFile; fileRef = 3C4018401CFF28F8001204CB /* CalculatorUITests.swift */; };
/* End PBXBuildFile section */

/* Begin PBXContainerItemProxy section */
		3C4018321CFF28F8001204CB /* PBXContainerItemProxy */ = {
			isa = PBXContainerItemProxy;
			containerPortal = 3C4018151CFF28F8001204CB /* Project object */;
			proxyType = 1;
			remoteGlobalIDString = 3C40181C1CFF28F8001204CB;
			remoteInfo = Calculator;
		};
		3C40183D1CFF28F8001204CB /* PBXContainerItemProxy */ = {
			isa = PBXContainerItemProxy;
			containerPortal = 3C4018151CFF28F8001204CB /* Project object */;
			proxyType = 1;
			remoteGlobalIDString = 3C40181C1CFF28F8001204CB;
			remoteInfo = Calculator;
		};
/* End PBXContainerItemProxy section */

/* Begin PBXFileReference section */
		3C40181D1CFF28F8001204CB /* Calculator.app */ = {isa = PBXFileReference; explicitFileType = wrapper.application; includeInIndex = 0; path = Calculator.app; sourceTree = BUILT_PRODUCTS_DIR; };
		3C4018201CFF28F8001204CB /* AppDelegate.swift */ = {isa = PBXFileReference; lastKnownFileType = sourcecode.swift; path = AppDelegate.swift; sourceTree = "<group>"; };
		3C4018221CFF28F8001204CB /* ViewController.swift */ = {isa = PBXFileReference; lastKnownFileType = sourcecode.swift; path = ViewController.swift; sourceTree = "<group>"; };
		3C4018251CFF28F8001204CB /* Base */ = {isa = PBXFileReference; lastKnownFileType = file.storyboard; name = Base; path = Base.lproj/Main.storyboard; sourceTree = "<group>"; };
		3C4018271CFF28F8001204CB /* Assets.xcassets */ = {isa = PBXFileReference; lastKnownFileType = folder.assetcatalog; path = Assets.xcassets; sourceTree = "<group>"; };
		3C40182A1CFF28F8001204CB /* Base */ = {isa = PBXFileReference; lastKnownFileType = file.storyboard; name = Base; path = Base.lproj/LaunchScreen.storyboard; sourceTree = "<group>"; };
		3C40182C1CFF28F8001204CB /* Info.plist */ = {isa = PBXFileReference; lastKnownFileType = text.plist.xml; path = Info.plist; sourceTree = "<group>"; };
		3C4018311CFF28F8001204CB /* CalculatorTests.xctest */ = {isa = PBXFileReference; explicitFileType = wrapper.cfbundle; includeInIndex = 0; path = CalculatorTests.xctest; sourceTree = BUILT_PRODUCTS_DIR; };
		3C4018351CFF28F8001204CB /* CalculatorTests.swift */ = {isa = PBXFileReference; lastKnownFileType = sourcecode.swift; path = CalculatorTests.swift; sourceTree = "<group>"; };
		3C4018371CFF28F8001204CB /* Info.plist */ = {isa = PBXFileReference; lastKnownFileType = text.plist.xml; path = Info.plist; sourceTree = "<group>"; };
		3C40183C1CFF28F8001204CB /* CalculatorUITests.xctest */ = {isa = PBXFileReference; explicitFileType = wrapper.cfbundle; includeInIndex = 0; path = CalculatorUITests.xctest; sourceTree = BUILT_PRODUCTS_DIR; };
		3C4018401CFF28F8001204CB /* CalculatorUITests.swift */ = {isa = PBXFileReference; lastKnownFileType = sourcecode.swift; path = CalculatorUITests.swift; sourceTree = "<group>"; };
		3C4018421CFF28F8001204CB /* Info.plist */ = {isa = PBXFileReference; lastKnownFileType = text.plist.xml; path = Info.plist; sourceTree = "<group>"; };
/* End PBXFileReference section */

/* Begin PBXFrameworksBuildPhase section */
		3C40181A1CFF28F8001204CB /* Frameworks */ = {
			isa = PBXFrameworksBuildPhase;
			buildActionMask = 2147483647;
			files = (
			);
			runOnlyForDeploymentPostprocessing = 0;
		};
		3C40182E1CFF28F8001204CB /* Frameworks */ = {
			isa = PBXFrameworksBuildPhase;
			buildActionMask = 2147483647;
			files = (
			);
			runOnlyForDeploymentPostprocessing = 0;
		};
		3C4018391CFF28F8001204CB /* Frameworks */ = {
			isa = PBXFrameworksBuildPhase;
			buildActionMask = 2147483647;
			files = (
			);
			runOnlyForDeploymentPostprocessing = 0;
		};
/* End PBXFrameworksBuildPhase section */

/* Begin PBXGroup section */
		3C4018141CFF28F8001204CB = {
			isa = PBXGroup;
			children = (
				3C40181F1CFF28F8001204CB /* Calculator */,
				3C4018341CFF28F8001204CB /* CalculatorTests */,
				3C40183F1CFF28F8001204CB /* CalculatorUITests */,
				3C40181E1CFF28F8001204CB /* Products */,
			);
			sourceTree = "<group>";
		};
		3C40181E1CFF28F8001204CB /* Products */ = {
			isa = PBXGroup;
			children = (
				3C40181D1CFF28F8001204CB /* Calculator.app */,
				3C4018311CFF28F8001204CB /* CalculatorTests.xctest */,
				3C40183C1CFF28F8001204CB /* CalculatorUITests.xctest */,
			);
			name = Products;
			sourceTree = "<group>";
		};
		3C40181F1CFF28F8001204CB /* Calculator */ = {
			isa = PBXGroup;
			children = (
				3C4018201CFF28F8001204CB /* AppDelegate.swift */,
				3C4018221CFF28F8001204CB /* ViewController.swift */,
				3C4018241CFF28F8001204CB /* Main.storyboard */,
				3C4018271CFF28F8001204CB /* Assets.xcassets */,
				3C4018291CFF28F8001204CB /* LaunchScreen.storyboard */,
				3C40182C1CFF28F8001204CB /* Info.plist */,
			);
			path = Calculator;
			sourceTree = "<group>";
		};
		3C4018341CFF28F8001204CB /* CalculatorTests */ = {
			isa = PBXGroup;
			children = (
				3C4018351CFF28F8001204CB /* CalculatorTests.swift */,
				3C4018371CFF28F8001204CB /* Info.plist */,
			);
			path = CalculatorTests;
			sourceTree = "<group>";
		};
		3C40183F1CFF28F8001204CB /* CalculatorUITests */ = {
			isa = PBXGroup;
			children = (
				3C4018401CFF28F8001204CB /* CalculatorUITests.swift */,
				3C4018421CFF28F8001204CB /* Info.plist */,
			);
			path = CalculatorUITests;
			sourceTree = "<group>";
		};
/* End PBXGroup section */

/* Begin PBXNativeTarget section */
		3C40181C1CFF28F8001204CB /* Calculator */ = {
			isa = PBXNativeTarget;
			buildConfigurationList = 3C4018451CFF28F8001204CB /* Build configuration list for PBXNativeTarget "Calculator" */;
			buildPhases = (
				3C4018191CFF28F8001204CB /* Sources */,
				3C40181A1CFF28F8001204CB /* Frameworks */,
				3C40181B1CFF28F8001204CB /* Resources */,
			);
			buildRules = (
			);
			dependencies = (
			);
			name = Calculator;
			productName = Calculator;
			productReference = 3C40181D1CFF28F8001204CB /* Calculator.app */;
			productType = "com.apple.product-type.application";
		};
		3C4018301CFF28F8001204CB /* CalculatorTests */ = {
			isa = PBXNativeTarget;
			buildConfigurationList = 3C4018481CFF28F8001204CB /* Build configuration list for PBXNativeTarget "CalculatorTests" */;
			buildPhases = (
				3C40182D1CFF28F8001204CB /* Sources */,
				3C40182E1CFF28F8001204CB /* Frameworks */,
				3C40182F1CFF28F8001204CB /* Resources */,
			);
			buildRules = (
			);
			dependencies = (
				3C4018331CFF28F8001204CB /* PBXTargetDependency */,
			);
			name = CalculatorTests;
			productName = CalculatorTests;
			productReference = 3C4018311CFF28F8001204CB /* CalculatorTests.xctest */;
			productType = "com.apple.product-type.bundle.unit-test";
		};
		3C40183B1CFF28F8001204CB /* CalculatorUITests */ = {
			isa = PBXNativeTarget;
			buildConfigurationList = 3C40184B1CFF28F8001204CB /* Build configuration list for PBXNativeTarget "CalculatorUITests" */;
			buildPhases = (
				3C4018381CFF28F8001204CB /* Sources */,
				3C4018391CFF28F8001204CB /* Frameworks */,
				3C40183A1CFF28F8001204CB /* Resources */,
			);
			buildRules = (
			);
			dependencies = (
				3C40183E1CFF28F8001204CB /* PBXTargetDependency */,
			);
			name = CalculatorUITests;
			productName = CalculatorUITests;
			productReference = 3C40183C1CFF28F8001204CB /* CalculatorUITests.xctest */;
			productType = "com.apple.product-type.bundle.ui-testing";
		};
/* End PBXNativeTarget section */

/* Begin PBXProject section */
		3C4018151CFF28F8001204CB /* Project object */ = {
			isa = PBXProject;
			attributes = {
				LastSwiftUpdateCheck = 0730;
				LastUpgradeCheck = 0730;
				ORGANIZATIONNAME = "Vili Lähtevänoja";
				TargetAttributes = {
					3C40181C1CFF28F8001204CB = {
						CreatedOnToolsVersion = 7.3.1;
						DevelopmentTeam = 2QVAS6BTH2;
					};
					3C4018301CFF28F8001204CB = {
						CreatedOnToolsVersion = 7.3.1;
						TestTargetID = 3C40181C1CFF28F8001204CB;
					};
					3C40183B1CFF28F8001204CB = {
						CreatedOnToolsVersion = 7.3.1;
						TestTargetID = 3C40181C1CFF28F8001204CB;
					};
				};
			};
			buildConfigurationList = 3C4018181CFF28F8001204CB /* Build configuration list for PBXProject "Calculator" */;
			compatibilityVersion = "Xcode 3.2";
			developmentRegion = English;
			hasScannedForEncodings = 0;
			knownRegions = (
				en,
				Base,
			);
			mainGroup = 3C4018141CFF28F8001204CB;
			productRefGroup = 3C40181E1CFF28F8001204CB /* Products */;
			projectDirPath = "";
			projectRoot = "";
			targets = (
				3C40181C1CFF28F8001204CB /* Calculator */,
				3C4018301CFF28F8001204CB /* CalculatorTests */,
				3C40183B1CFF28F8001204CB /* CalculatorUITests */,
			);
		};
/* End PBXProject section */

/* Begin PBXResourcesBuildPhase section */
		3C40181B1CFF28F8001204CB /* Resources */ = {
			isa = PBXResourcesBuildPhase;
			buildActionMask = 2147483647;
			files = (
				3C40182B1CFF28F8001204CB /* LaunchScreen.storyboard in Resources */,
				3C4018281CFF28F8001204CB /* Assets.xcassets in Resources */,
				3C4018261CFF28F8001204CB /* Main.storyboard in Resources */,
			);
			runOnlyForDeploymentPostprocessing = 0;
		};
		3C40182F1CFF28F8001204CB /* Resources */ = {
			isa = PBXResourcesBuildPhase;
			buildActionMask = 2147483647;
			files = (
			);
			runOnlyForDeploymentPostprocessing = 0;
		};
		3C40183A1CFF28F8001204CB /* Resources */ = {
			isa = PBXResourcesBuildPhase;
			buildActionMask = 2147483647;
			files = (
			);
			runOnlyForDeploymentPostprocessing = 0;
		};
/* End PBXResourcesBuildPhase section */

/* Begin PBXSourcesBuildPhase section */
		3C4018191CFF28F8001204CB /* Sources */ = {
			isa = PBXSourcesBuildPhase;
			buildActionMask = 2147483647;
			files = (
				3C4018231CFF28F8001204CB /* ViewController.swift in Sources */,
				3C4018211CFF28F8001204CB /* AppDelegate.swift in Sources */,
			);
			runOnlyForDeploymentPostprocessing = 0;
		};
		3C40182D1CFF28F8001204CB /* Sources */ = {
			isa = PBXSourcesBuildPhase;
			buildActionMask = 2147483647;
			files = (
				3C4018361CFF28F8001204CB /* CalculatorTests.swift in Sources */,
			);
			runOnlyForDeploymentPostprocessing = 0;
		};
		3C4018381CFF28F8001204CB /* Sources */ = {
			isa = PBXSourcesBuildPhase;
			buildActionMask = 2147483647;
			files = (
				3C4018411CFF28F8001204CB /* CalculatorUITests.swift in Sources */,
			);
			runOnlyForDeploymentPostprocessing = 0;
		};
/* End PBXSourcesBuildPhase section */

/* Begin PBXTargetDependency section */
		3C4018331CFF28F8001204CB /* PBXTargetDependency */ = {
			isa = PBXTargetDependency;
			target = 3C40181C1CFF28F8001204CB /* Calculator */;
			targetProxy = 3C4018321CFF28F8001204CB /* PBXContainerItemProxy */;
		};
		3C40183E1CFF28F8001204CB /* PBXTargetDependency */ = {
			isa = PBXTargetDependency;
			target = 3C40181C1CFF28F8001204CB /* Calculator */;
			targetProxy = 3C40183D1CFF28F8001204CB /* PBXContainerItemProxy */;
		};
/* End PBXTargetDependency section */

/* Begin PBXVariantGroup section */
		3C4018241CFF28F8001204CB /* Main.storyboard */ = {
			isa = PBXVariantGroup;
			children = (
				3C4018251CFF28F8001204CB /* Base */,
			);
			name = Main.storyboard;
			sourceTree = "<group>";
		};
		3C4018291CFF28F8001204CB /* LaunchScreen.storyboard */ = {
			isa = PBXVariantGroup;
			children = (
				3C40182A1CFF28F8001204CB /* Base */,
			);
			name = LaunchScreen.storyboard;
			sourceTree = "<group>";
		};
/* End PBXVariantGroup section */

/* Begin XCBuildConfiguration section */
		3C4018431CFF28F8001204CB /* Debug */ = {
			isa = XCBuildConfiguration;
			buildSettings = {
				ALWAYS_SEARCH_USER_PATHS = NO;
				CLANG_ANALYZER_NONNULL = YES;
				CLANG_CXX_LANGUAGE_STANDARD = "gnu++0x";
				CLANG_CXX_LIBRARY = "libc++";
				CLANG_ENABLE_MODULES = YES;
				CLANG_ENABLE_OBJC_ARC = YES;
				CLANG_WARN_BOOL_CONVERSION = YES;
				CLANG_WARN_CONSTANT_CONVERSION = YES;
				CLANG_WARN_DIRECT_OBJC_ISA_USAGE = YES_ERROR;
				CLANG_WARN_EMPTY_BODY = YES;
				CLANG_WARN_ENUM_CONVERSION = YES;
				CLANG_WARN_INT_CONVERSION = YES;
				CLANG_WARN_OBJC_ROOT_CLASS = YES_ERROR;
				CLANG_WARN_UNREACHABLE_CODE = YES;
				CLANG_WARN__DUPLICATE_METHOD_MATCH = YES;
				"CODE_SIGN_IDENTITY[sdk=iphoneos*]" = "iPhone Developer";
				COPY_PHASE_STRIP = NO;
				DEBUG_INFORMATION_FORMAT = dwarf;
				ENABLE_STRICT_OBJC_MSGSEND = YES;
				ENABLE_TESTABILITY = YES;
				GCC_C_LANGUAGE_STANDARD = gnu99;
				GCC_DYNAMIC_NO_PIC = NO;
				GCC_NO_COMMON_BLOCKS = YES;
				GCC_OPTIMIZATION_LEVEL = 0;
				GCC_PREPROCESSOR_DEFINITIONS = (
					"DEBUG=1",
					"$(inherited)",
				);
				GCC_WARN_64_TO_32_BIT_CONVERSION = YES;
				GCC_WARN_ABOUT_RETURN_TYPE = YES_ERROR;
				GCC_WARN_UNDECLARED_SELECTOR = YES;
				GCC_WARN_UNINITIALIZED_AUTOS = YES_AGGRESSIVE;
				GCC_WARN_UNUSED_FUNCTION = YES;
				GCC_WARN_UNUSED_VARIABLE = YES;
				IPHONEOS_DEPLOYMENT_TARGET = 9.3;
				MTL_ENABLE_DEBUG_INFO = YES;
				ONLY_ACTIVE_ARCH = YES;
				SDKROOT = iphoneos;
				SWIFT_OPTIMIZATION_LEVEL = "-Onone";
				TARGETED_DEVICE_FAMILY = "1,2";
			};
			name = Debug;
		};
		3C4018441CFF28F8001204CB /* Release */ = {
			isa = XCBuildConfiguration;
			buildSettings = {
				ALWAYS_SEARCH_USER_PATHS = NO;
				CLANG_ANALYZER_NONNULL = YES;
				CLANG_CXX_LANGUAGE_STANDARD = "gnu++0x";
				CLANG_CXX_LIBRARY = "libc++";
				CLANG_ENABLE_MODULES = YES;
				CLANG_ENABLE_OBJC_ARC = YES;
				CLANG_WARN_BOOL_CONVERSION = YES;
				CLANG_WARN_CONSTANT_CONVERSION = YES;
				CLANG_WARN_DIRECT_OBJC_ISA_USAGE = YES_ERROR;
				CLANG_WARN_EMPTY_BODY = YES;
				CLANG_WARN_ENUM_CONVERSION = YES;
				CLANG_WARN_INT_CONVERSION = YES;
				CLANG_WARN_OBJC_ROOT_CLASS = YES_ERROR;
				CLANG_WARN_UNREACHABLE_CODE = YES;
				CLANG_WARN__DUPLICATE_METHOD_MATCH = YES;
				"CODE_SIGN_IDENTITY[sdk=iphoneos*]" = "iPhone Developer";
				COPY_PHASE_STRIP = NO;
				DEBUG_INFORMATION_FORMAT = "dwarf-with-dsym";
				ENABLE_NS_ASSERTIONS = NO;
				ENABLE_STRICT_OBJC_MSGSEND = YES;
				GCC_C_LANGUAGE_STANDARD = gnu99;
				GCC_NO_COMMON_BLOCKS = YES;
				GCC_WARN_64_TO_32_BIT_CONVERSION = YES;
				GCC_WARN_ABOUT_RETURN_TYPE = YES_ERROR;
				GCC_WARN_UNDECLARED_SELECTOR = YES;
				GCC_WARN_UNINITIALIZED_AUTOS = YES_AGGRESSIVE;
				GCC_WARN_UNUSED_FUNCTION = YES;
				GCC_WARN_UNUSED_VARIABLE = YES;
				IPHONEOS_DEPLOYMENT_TARGET = 9.3;
				MTL_ENABLE_DEBUG_INFO = NO;
				SDKROOT = iphoneos;
				TARGETED_DEVICE_FAMILY = "1,2";
				VALIDATE_PRODUCT = YES;
			};
			name = Release;
		};
		3C4018461CFF28F8001204CB /* Debug */ = {
			isa = XCBuildConfiguration;
			buildSettings = {
				ASSETCATALOG_COMPILER_APPICON_NAME = AppIcon;
				CODE_SIGN_IDENTITY = "iPhone Developer";
				"CODE_SIGN_IDENTITY[sdk=iphoneos*]" = "iPhone Developer";
				INFOPLIST_FILE = Calculator/Info.plist;
				LD_RUNPATH_SEARCH_PATHS = "$(inherited) @executable_path/Frameworks";
				PRODUCT_BUNDLE_IDENTIFIER = fi.lahtevanoja.Calculator;
				PRODUCT_NAME = "$(TARGET_NAME)";
				PROVISIONING_PROFILE = "";
			};
			name = Debug;
		};
		3C4018471CFF28F8001204CB /* Release */ = {
			isa = XCBuildConfiguration;
			buildSettings = {
				ASSETCATALOG_COMPILER_APPICON_NAME = AppIcon;
				CODE_SIGN_IDENTITY = "iPhone Developer";
				"CODE_SIGN_IDENTITY[sdk=iphoneos*]" = "iPhone Developer";
				INFOPLIST_FILE = Calculator/Info.plist;
				LD_RUNPATH_SEARCH_PATHS = "$(inherited) @executable_path/Frameworks";
				PRODUCT_BUNDLE_IDENTIFIER = fi.lahtevanoja.Calculator;
				PRODUCT_NAME = "$(TARGET_NAME)";
				PROVISIONING_PROFILE = "";
			};
			name = Release;
		};
		3C4018491CFF28F8001204CB /* Debug */ = {
			isa = XCBuildConfiguration;
			buildSettings = {
				BUNDLE_LOADER = "$(TEST_HOST)";
				INFOPLIST_FILE = CalculatorTests/Info.plist;
				LD_RUNPATH_SEARCH_PATHS = "$(inherited) @executable_path/Frameworks @loader_path/Frameworks";
				PRODUCT_BUNDLE_IDENTIFIER = fi.lahtevanoja.CalculatorTests;
				PRODUCT_NAME = "$(TARGET_NAME)";
				TEST_HOST = "$(BUILT_PRODUCTS_DIR)/Calculator.app/Calculator";
			};
			name = Debug;
		};
		3C40184A1CFF28F8001204CB /* Release */ = {
			isa = XCBuildConfiguration;
			buildSettings = {
				BUNDLE_LOADER = "$(TEST_HOST)";
				INFOPLIST_FILE = CalculatorTests/Info.plist;
				LD_RUNPATH_SEARCH_PATHS = "$(inherited) @executable_path/Frameworks @loader_path/Frameworks";
				PRODUCT_BUNDLE_IDENTIFIER = fi.lahtevanoja.CalculatorTests;
				PRODUCT_NAME = "$(TARGET_NAME)";
				TEST_HOST = "$(BUILT_PRODUCTS_DIR)/Calculator.app/Calculator";
			};
			name = Release;
		};
		3C40184C1CFF28F8001204CB /* Debug */ = {
			isa = XCBuildConfiguration;
			buildSettings = {
				INFOPLIST_FILE = CalculatorUITests/Info.plist;
				LD_RUNPATH_SEARCH_PATHS = "$(inherited) @executable_path/Frameworks @loader_path/Frameworks";
				PRODUCT_BUNDLE_IDENTIFIER = fi.lahtevanoja.CalculatorUITests;
				PRODUCT_NAME = "$(TARGET_NAME)";
				TEST_TARGET_NAME = Calculator;
			};
			name = Debug;
		};
		3C40184D1CFF28F8001204CB /* Release */ = {
			isa = XCBuildConfiguration;
			buildSettings = {
				INFOPLIST_FILE = CalculatorUITests/Info.plist;
				LD_RUNPATH_SEARCH_PATHS = "$(inherited) @executable_path/Frameworks @loader_path/Frameworks";
				PRODUCT_BUNDLE_IDENTIFIER = fi.lahtevanoja.CalculatorUITests;
				PRODUCT_NAME = "$(TARGET_NAME)";
				TEST_TARGET_NAME = Calculator;
			};
			name = Release;
		};
/* End XCBuildConfiguration section */

/* Begin XCConfigurationList section */
		3C4018181CFF28F8001204CB /* Build configuration list for PBXProject "Calculator" */ = {
			isa = XCConfigurationList;
			buildConfigurations = (
				3C4018431CFF28F8001204CB /* Debug */,
				3C4018441CFF28F8001204CB /* Release */,
			);
			defaultConfigurationIsVisible = 0;
			defaultConfigurationName = Release;
		};
		3C4018451CFF28F8001204CB /* Build configuration list for PBXNativeTarget "Calculator" */ = {
			isa = XCConfigurationList;
			buildConfigurations = (
				3C4018461CFF28F8001204CB /* Debug */,
				3C4018471CFF28F8001204CB /* Release */,
			);
			defaultConfigurationIsVisible = 0;
		};
		3C4018481CFF28F8001204CB /* Build configuration list for PBXNativeTarget "CalculatorTests" */ = {
			isa = XCConfigurationList;
			buildConfigurations = (
				3C4018491CFF28F8001204CB /* Debug */,
				3C40184A1CFF28F8001204CB /* Release */,
			);
			defaultConfigurationIsVisible = 0;
		};
		3C40184B1CFF28F8001204CB /* Build configuration list for PBXNativeTarget "CalculatorUITests" */ = {
			isa = XCConfigurationList;
			buildConfigurations = (
				3C40184C1CFF28F8001204CB /* Debug */,
				3C40184D1CFF28F8001204CB /* Release */,
			);
			defaultConfigurationIsVisible = 0;
		};
/* End XCConfigurationList section */
	};
	rootObject = 3C4018151CFF28F8001204CB /* Project object */;
}
